{
  "name": "react",
  "lockfileVersion": 3,
  "requires": true,
  "packages": {
    "": {
      "dependencies": {
        "lstat": "^1.0.0"
      }
    },
    "node_modules/lstat": {
      "version": "1.0.0",
      "resolved": "https://registry.npmjs.org/lstat/-/lstat-1.0.0.tgz",
      "integrity": "sha512-Nwno1RvSEkMmTGHsH4L+OCcC+KD6zvhQLLC8beStLyH0tG2gjI7f81KfffbWmTxJPaxGoMHEiMNr+aLZMkfA2g=="
    }
  }
}
